<?xml version="1.0" encoding="utf-8"?>
<Project ToolsVersion="4.0" xmlns="http://schemas.microsoft.com/developer/msbuild/2003">
  <ItemGroup>
    <Filter Include="Source">
      <UniqueIdentifier>{9874e671-8509-4a31-8dc1-dc525e2aad71}</UniqueIdentifier>
    </Filter>
    <Filter Include="Headers">
      <UniqueIdentifier>{507f9185-428d-4a2e-86c1-3e0d8632faf5}</UniqueIdentifier>
    </Filter>
    <Filter Include="Resources">
      <UniqueIdentifier>{02923e1b-279d-4008-a54d-dcda1cb1b8b1}</UniqueIdentifier>
    </Filter>
    <Filter Include="Resources\Shaders">
      <UniqueIdentifier>{49eb6beb-3273-4c6e-b429-5987fd02ab6d}</UniqueIdentifier>
    </Filter>
    <Filter Include="Resources\Models">
      <UniqueIdentifier>{926270f4-65d4-408a-9d64-d048c433efbb}</UniqueIdentifier>
    </Filter>
    <Filter Include="Resources\Textures">
      <UniqueIdentifier>{7b4e4c4f-e6df-4b25-acdf-ff3d6819709e}</UniqueIdentifier>
    </Filter>
    <Filter Include="Source\Application">
      <UniqueIdentifier>{bb2ad1a6-cce7-40ec-bba2-53296f67f425}</UniqueIdentifier>
    </Filter>
    <Filter Include="Source\Components">
      <UniqueIdentifier>{d4d78dbd-7ba7-4315-b91c-d33362aa4ce6}</UniqueIdentifier>
    </Filter>
    <Filter Include="Source\Objects">
      <UniqueIdentifier>{aaab8f72-593d-4e59-8f58-eb78c6d6cdf6}</UniqueIdentifier>
    </Filter>
    <Filter Include="Source\Physics">
      <UniqueIdentifier>{52a5f976-1ba8-4f5e-b709-a4a621baab15}</UniqueIdentifier>
    </Filter>
    <Filter Include="Headers\Application">
      <UniqueIdentifier>{5e1b526c-7932-4a0c-b785-4617b61cb8cc}</UniqueIdentifier>
    </Filter>
    <Filter Include="Headers\Components">
      <UniqueIdentifier>{1471b450-794b-4e8f-b9a8-9cd221f06cbb}</UniqueIdentifier>
    </Filter>
    <Filter Include="Headers\Objects">
      <UniqueIdentifier>{6e9de19e-c33a-427a-ae33-90db1fdc893f}</UniqueIdentifier>
    </Filter>
    <Filter Include="Headers\Physics">
      <UniqueIdentifier>{a4643dc7-6a50-415f-943f-0bf292058914}</UniqueIdentifier>
    </Filter>
    <Filter Include="Libraries">
      <UniqueIdentifier>{f4a1ce5e-4837-4f91-93dc-ae0bb121bfec}</UniqueIdentifier>
    </Filter>
    <Filter Include="Libraries\Imgui">
      <UniqueIdentifier>{8225366a-22a9-4ae5-acf8-2691d3d851b9}</UniqueIdentifier>
    </Filter>
    <Filter Include="Resources\ImGui">
      <UniqueIdentifier>{199e504a-9ea6-4591-afa3-31d3f7745a30}</UniqueIdentifier>
    </Filter>
  </ItemGroup>
  <ItemGroup>
    <ClInclude Include="Headers\stb_image.h">
      <Filter>Headers</Filter>
    </ClInclude>
    <ClInclude Include="Headers\Input.h">
      <Filter>Headers</Filter>
    </ClInclude>
    <ClInclude Include="Headers\GameApp.h">
      <Filter>Headers</Filter>
    </ClInclude>
    <ClInclude Include="Headers\WindowManager.h">
      <Filter>Headers</Filter>
    </ClInclude>
    <ClInclude Include="Headers\Objects\BaseObject.h">
      <Filter>Headers\Objects</Filter>
    </ClInclude>
    <ClInclude Include="Headers\Objects\Camera.h">
      <Filter>Headers\Objects</Filter>
    </ClInclude>
    <ClInclude Include="Headers\Physics\CustomMotionState.h">
      <Filter>Headers\Physics</Filter>
    </ClInclude>
    <ClInclude Include="Headers\Physics\DebugDrawer.h">
      <Filter>Headers\Physics</Filter>
    </ClInclude>
    <ClInclude Include="Headers\Components\Model.h">
      <Filter>Headers\Components</Filter>
    </ClInclude>
    <ClInclude Include="Headers\Components\Mesh.h">
      <Filter>Headers\Components</Filter>
    </ClInclude>
    <ClInclude Include="Headers\Components\Shader.h">
      <Filter>Headers\Components</Filter>
    </ClInclude>
    <ClInclude Include="Headers\Components\Transform.h">
      <Filter>Headers\Components</Filter>
    </ClInclude>
    <ClInclude Include="Headers\Physics\World.h">
      <Filter>Headers\Physics</Filter>
    </ClInclude>
    <ClInclude Include="Headers\Application\ResourceManager.h">
      <Filter>Headers\Application</Filter>
    </ClInclude>
    <ClInclude Include="Headers\Application\Renderer.h">
      <Filter>Headers\Application</Filter>
    </ClInclude>
    <ClInclude Include="Headers\Application\ModelLoader.h">
      <Filter>Headers\Application</Filter>
    </ClInclude>
    <ClInclude Include="Headers\Objects\SkyBox.h">
      <Filter>Headers\Objects</Filter>
    </ClInclude>
    <ClInclude Include="Headers\Objects\Player.h">
      <Filter>Headers\Objects</Filter>
    </ClInclude>
    <ClInclude Include="Libraries\Imgui\imconfig.h">
      <Filter>Libraries\Imgui</Filter>
    </ClInclude>
    <ClInclude Include="Libraries\Imgui\imgui.h">
      <Filter>Libraries\Imgui</Filter>
    </ClInclude>
    <ClInclude Include="Libraries\Imgui\imgui_impl_opengl3.h">
      <Filter>Libraries\Imgui</Filter>
    </ClInclude>
    <ClInclude Include="Libraries\Imgui\imgui_impl_opengl3_loader.h">
      <Filter>Libraries\Imgui</Filter>
    </ClInclude>
    <ClInclude Include="Libraries\Imgui\imgui_internal.h">
      <Filter>Libraries\Imgui</Filter>
    </ClInclude>
    <ClInclude Include="Libraries\Imgui\imstb_rectpack.h">
      <Filter>Libraries\Imgui</Filter>
    </ClInclude>
    <ClInclude Include="Libraries\Imgui\imstb_textedit.h">
      <Filter>Libraries\Imgui</Filter>
    </ClInclude>
    <ClInclude Include="Libraries\Imgui\imstb_truetype.h">
      <Filter>Libraries\Imgui</Filter>
    </ClInclude>
  </ItemGroup>
  <ItemGroup>
    <None Include="Resources\Shaders\default.frag">
      <Filter>Resources\Shaders</Filter>
    </None>
    <None Include="Resources\Shaders\default.vert">
      <Filter>Resources\Shaders</Filter>
    </None>
    <None Include="Resources\Models\Madara_Uchiha.mtl">
      <Filter>Resources\Models</Filter>
    </None>
    <None Include="Resources\Shaders\debug.frag">
      <Filter>Resources\Shaders</Filter>
    </None>
    <None Include="Resources\Shaders\debug.vert">
      <Filter>Resources\Shaders</Filter>
    </None>
    <None Include="Resources\Shaders\skybox.frag">
      <Filter>Resources\Shaders</Filter>
    </None>
    <None Include="Resources\Shaders\skybox.vert">
      <Filter>Resources\Shaders</Filter>
    </None>
  </ItemGroup>
  <ItemGroup>
    <ClCompile Include="Source\HelloCubes.cpp">
      <Filter>Source</Filter>
    </ClCompile>
    <ClCompile Include="Source\Input.cpp">
      <Filter>Source</Filter>
    </ClCompile>
    <ClCompile Include="Source\GameApp.cpp">
      <Filter>Source</Filter>
    </ClCompile>
    <ClCompile Include="Source\WindowManager.cpp">
      <Filter>Source</Filter>
    </ClCompile>
    <ClCompile Include="Source\Objects\BaseObject.cpp">
      <Filter>Source\Objects</Filter>
    </ClCompile>
    <ClCompile Include="Source\Objects\Camera.cpp">
      <Filter>Source\Objects</Filter>
    </ClCompile>
    <ClCompile Include="Source\Physics\CustomMotionState.cpp">
      <Filter>Source\Physics</Filter>
    </ClCompile>
    <ClCompile Include="Source\Physics\DebugDrawer.cpp">
      <Filter>Source\Physics</Filter>
    </ClCompile>
    <ClCompile Include="Source\Components\Mesh.cpp">
      <Filter>Source\Components</Filter>
    </ClCompile>
    <ClCompile Include="Source\Components\Model.cpp">
      <Filter>Source\Components</Filter>
    </ClCompile>
    <ClCompile Include="Source\Application\ModelLoader.cpp">
      <Filter>Source\Application</Filter>
    </ClCompile>
    <ClCompile Include="Source\Application\Renderer.cpp">
      <Filter>Source\Application</Filter>
    </ClCompile>
    <ClCompile Include="Source\Application\ResourceManager.cpp">
      <Filter>Source\Application</Filter>
    </ClCompile>
    <ClCompile Include="Source\Components\Shader.cpp">
      <Filter>Source\Components</Filter>
    </ClCompile>
    <ClCompile Include="Source\Components\Transform.cpp">
      <Filter>Source\Components</Filter>
    </ClCompile>
    <ClCompile Include="Source\Physics\World.cpp">
      <Filter>Source\Physics</Filter>
    </ClCompile>
    <ClCompile Include="Source\Objects\Skybox.cpp">
      <Filter>Source\Objects</Filter>
    </ClCompile>
    <ClCompile Include="Source\Objects\Player.cpp">
      <Filter>Source\Objects</Filter>
    </ClCompile>
    <ClCompile Include="Libraries\Imgui\imgui.cpp">
      <Filter>Libraries\Imgui</Filter>
    </ClCompile>
    <ClCompile Include="Libraries\Imgui\imgui_demo.cpp">
      <Filter>Libraries\Imgui</Filter>
    </ClCompile>
    <ClCompile Include="Libraries\Imgui\imgui_draw.cpp">
      <Filter>Libraries\Imgui</Filter>
    </ClCompile>
    <ClCompile Include="Libraries\Imgui\imgui_impl_opengl3.cpp">
      <Filter>Libraries\Imgui</Filter>
    </ClCompile>
    <ClCompile Include="Libraries\Imgui\imgui_tables.cpp">
      <Filter>Libraries\Imgui</Filter>
    </ClCompile>
    <ClCompile Include="Libraries\Imgui\imgui_widgets.cpp">
      <Filter>Libraries\Imgui</Filter>
    </ClCompile>
  </ItemGroup>
  <ItemGroup>
    <Image Include="Resources\Textures\_Madara_texture_main_mAIN.png">
      <Filter>Resources\Textures</Filter>
    </Image>
    <Image Include="Resources\Textures\Sharingan_texture.jpg">
      <Filter>Resources\Textures</Filter>
    </Image>
    <Image Include="Resources\Textures\back.jpg">
      <Filter>Resources\Textures</Filter>
    </Image>
    <Image Include="Resources\Textures\bottom.jpg">
      <Filter>Resources\Textures</Filter>
    </Image>
    <Image Include="Resources\Textures\front.jpg">
      <Filter>Resources\Textures</Filter>
    </Image>
    <Image Include="Resources\Textures\left.jpg">
      <Filter>Resources\Textures</Filter>
    </Image>
    <Image Include="Resources\Textures\right.jpg">
      <Filter>Resources\Textures</Filter>
    </Image>
    <Image Include="Resources\Textures\top.jpg">
      <Filter>Resources\Textures</Filter>
    </Image>
    <Image Include="Resources\ImGui\font.png">
      <Filter>Resources\ImGui</Filter>
    </Image>
  </ItemGroup>
  <ItemGroup>
    <Object Include="Resources\Models\Madara_Uchiha.obj">
      <Filter>Resources\Models</Filter>
    </Object>
  </ItemGroup>
  <ItemGroup>
    <Font Include="Resources\ImGui\PixelifySans-Regular.ttf">
      <Filter>Resources\ImGui</Filter>
    </Font>
  </ItemGroup>
</Project>