<?xml version="1.0" encoding="utf-8"?>
<Project ToolsVersion="17.0" xmlns="http://schemas.microsoft.com/developer/msbuild/2003">
  <ItemGroup>
    <CustomBuild Include="C:\Users\erikk\Desktop\bullet3-2.89\CMakeFiles\c342f5ba4c4ae94bb76ba04378d8599d\RUN_TESTS_force.rule">
      <Filter>CMake Rules</Filter>
    </CustomBuild>
  </ItemGroup>
  <ItemGroup>
    <Filter Include="CMake Rules">
      <UniqueIdentifier>{F03848B5-6A86-3474-B8C4-6BC13CC22E5E}</UniqueIdentifier>
    </Filter>
  </ItemGroup>
</Project>
